
Microsoft Visual Studio Solution File, Format Version 12.00
Project("{FAE04EC0-301F-11D3-BF4B-00C04F79EFBC}") = "DiceRollBackend", "DiceRollBackend.csproj", "{37EF78C6-122A-4868-9013-36509DAB165B}"
EndProject
Global
	GlobalSection(SolutionConfigurationPlatforms) = preSolution
		Debug|Any CPU = Debug|Any CPU
		Release|Any CPU = Release|Any CPU
	EndGlobalSection
	GlobalSection(ProjectConfigurationPlatforms) = postSolution
		{37EF78C6-122A-4868-9013-36509DAB165B}.Debug|Any CPU.ActiveCfg = Debug|Any CPU
		{37EF78C6-122A-4868-9013-36509DAB165B}.Debug|Any CPU.Build.0 = Debug|Any CPU
		{37EF78C6-122A-4868-9013-36509DAB165B}.Release|Any CPU.ActiveCfg = Release|Any CPU
		{37EF78C6-122A-4868-9013-36509DAB165B}.Release|Any CPU.Build.0 = Release|Any CPU
	EndGlobalSection
EndGlobal
